# THIS IS AN AUTOGENERATED FILE. DO NOT EDIT THIS FILE DIRECTLY.
# yarn lockfile v1


"@babel/runtime@^7.25.0":
  version "7.28.4"
  resolved "https://registry.npmjs.org/@babel/runtime/-/runtime-7.28.4.tgz"
  integrity sha512-Q/N6JNWvIvPnLDvjlE1OUBLPQHH6l3CltCEsHIujp45zQUSSh8K+gHnaEX45yAT1nyngnINhvWtzN+Nb9D8RAQ==

"@codama/cli@^1.3.5":
  version "1.3.5"
  resolved "https://registry.npmjs.org/@codama/cli/-/cli-1.3.5.tgz"
  integrity sha512-UgJGaTK2TXnbRcnCgReKqcDFjU941XZTvA0qbSiFH0Njrwb0kcLkKirMKwdyDaCHry7QcybzIKbp4ErrwqExMA==
  dependencies:
    "@codama/nodes" "1.3.7"
    "@codama/visitors" "1.3.7"
    "@codama/visitors-core" "1.3.7"
    commander "^14.0.1"
    picocolors "^1.1.1"
    prompts "^2.4.2"

"@codama/errors@1.3.7":
  version "1.3.7"
  resolved "https://registry.npmjs.org/@codama/errors/-/errors-1.3.7.tgz"
  integrity sha512-96BF8agDVc2vAgL4qw1lZZfuJ7XBefdzTBk2VOUnOhdMQiLb0QhJCC4BH88OcL+rZXQdet4pk7Qwarj1I1GFKg==
  dependencies:
    "@codama/node-types" "1.3.7"
    commander "^14.0.1"
    picocolors "^1.1.1"

"@codama/node-types@1.3.7":
  version "1.3.7"
  resolved "https://registry.npmjs.org/@codama/node-types/-/node-types-1.3.7.tgz"
  integrity sha512-L9UTFfoeki5t+BYJAa4OMsqBPpbMbx8YJQar+55mYcjwGlJsKJW7mRfLYvwEFkCUYyLdNva40OVmTf88jccZCA==

"@codama/nodes-from-anchor@^1.2.9":
  version "1.2.9"
  dependencies:
    "@codama/errors" "1.3.7"
    "@codama/nodes" "1.3.7"
    "@codama/visitors" "1.3.7"
    "@noble/hashes" "^1.8.0"
    "@solana/codecs" "^3.0.3"

"@codama/nodes@1.3.7":
  version "1.3.7"
  dependencies:
    "@codama/errors" "1.3.7"
    "@codama/node-types" "1.3.7"

"@codama/visitors-core@1.3.7":
  version "1.3.7"
  dependencies:
    "@codama/errors" "1.3.7"
    "@codama/nodes" "1.3.7"
    json-stable-stringify "^1.3.0"

"@codama/visitors@1.3.7":
  version "1.3.7"
  dependencies:
    "@codama/errors" "1.3.7"
    "@codama/nodes" "1.3.7"
    "@codama/visitors-core" "1.3.7"

"@coral-xyz/anchor-errors@^0.31.1":
  version "0.31.1"

"@coral-xyz/anchor@^0.31.1":
  version "0.31.1"
  dependencies:
    "@coral-xyz/anchor-errors" "^0.31.1"
    "@coral-xyz/borsh" "^0.31.1"
    "@noble/hashes" "^1.3.1"
    "@solana/web3.js" "^1.69.0"
    bn.js "^5.1.2"
    bs58 "^4.0.1"
    buffer-layout "^1.2.2"
    camelcase "^6.3.0"
    cross-fetch "^3.1.5"
    eventemitter3 "^4.0.7"
    pako "^2.0.3"
    superstruct "^0.15.4"
    toml "^3.0.0"

"@coral-xyz/borsh@^0.31.1":
  version "0.31.1"
  dependencies:
    bn.js "^5.1.2"
    buffer-layout "^1.2.0"

"@cspotcode/source-map-support@^0.8.0":
  version "0.8.1"
  dependencies:
    "@jridgewell/trace-mapping" "0.3.9"

"@isaacs/cliui@^8.0.2":
  version "8.0.2"
  dependencies:
    string-width "^5.1.2"
    string-width-cjs "npm:string-width@^4.2.0"
    strip-ansi "^7.0.1"
    strip-ansi-cjs "npm:strip-ansi@^6.0.1"
    wrap-ansi "^8.1.0"
    wrap-ansi-cjs "npm:wrap-ansi@^7.0.0"

"@jridgewell/resolve-uri@^3.0.3":
  version "3.1.2"

"@jridgewell/sourcemap-codec@^1.4.10":
  version "1.5.5"

"@jridgewell/trace-mapping@0.3.9":
  version "0.3.9"
  dependencies:
    "@jridgewell/resolve-uri" "^3.0.3"
    "@jridgewell/sourcemap-codec" "^1.4.10"

"@noble/curves@^1.4.2":
  version "1.9.7"
  dependencies:
    "@noble/hashes" "1.8.0"

"@noble/hashes@^1.3.1", "@noble/hashes@^1.4.0", "@noble/hashes@^1.8.0", "@noble/hashes@1.8.0":
  version "1.8.0"

"@pkgjs/parseargs@^0.11.0":
  version "0.11.0"

"@solana-program/address-lookup-table@^0.7.0":
  version "0.7.0"

"@solana-program/compute-budget@^0.8.0":
  version "0.8.0"

"@solana-program/system@^0.7.0":
  version "0.7.0"

"@solana-program/token-2022@^0.4.2":
  version "0.4.2"

"@solana/accounts@2.3.0":
  version "2.3.0"
  dependencies:
    "@solana/addresses" "2.3.0"
    "@solana/codecs-core" "2.3.0"
    "@solana/codecs-strings" "2.3.0"
    "@solana/errors" "2.3.0"
    "@solana/rpc-spec" "2.3.0"
    "@solana/rpc-types" "2.3.0"

"@solana/addresses@2.3.0":
  version "2.3.0"
  dependencies:
    "@solana/assertions" "2.3.0"
    "@solana/codecs-core" "2.3.0"
    "@solana/codecs-strings" "2.3.0"
    "@solana/errors" "2.3.0"
    "@solana/nominal-types" "2.3.0"

"@solana/assertions@^2.1.1", "@solana/assertions@2.3.0":
  version "2.3.0"
  dependencies:
    "@solana/errors" "2.3.0"

"@solana/buffer-layout@^4.0.1":
  version "4.0.1"
  dependencies:
    buffer "~6.0.3"

"@solana/codecs-core@2.3.0":
  version "2.3.0"
  dependencies:
    "@solana/errors" "2.3.0"

"@solana/codecs-core@3.0.3":
  version "3.0.3"
  dependencies:
    "@solana/errors" "3.0.3"

"@solana/codecs-data-structures@2.3.0":
  version "2.3.0"
  dependencies:
    "@solana/codecs-core" "2.3.0"
    "@solana/codecs-numbers" "2.3.0"
    "@solana/errors" "2.3.0"

"@solana/codecs-data-structures@3.0.3":
  version "3.0.3"
  dependencies:
    "@solana/codecs-core" "3.0.3"
    "@solana/codecs-numbers" "3.0.3"
    "@solana/errors" "3.0.3"

"@solana/codecs-numbers@^2.1.0", "@solana/codecs-numbers@2.3.0":
  version "2.3.0"
  dependencies:
    "@solana/codecs-core" "2.3.0"
    "@solana/errors" "2.3.0"

"@solana/codecs-numbers@3.0.3":
  version "3.0.3"
  dependencies:
    "@solana/codecs-core" "3.0.3"
    "@solana/errors" "3.0.3"

"@solana/codecs-strings@2.3.0":
  version "2.3.0"
  dependencies:
    "@solana/codecs-core" "2.3.0"
    "@solana/codecs-numbers" "2.3.0"
    "@solana/errors" "2.3.0"

"@solana/codecs-strings@3.0.3":
  version "3.0.3"
  dependencies:
    "@solana/codecs-core" "3.0.3"
    "@solana/codecs-numbers" "3.0.3"
    "@solana/errors" "3.0.3"

"@solana/codecs@^2.1.1", "@solana/codecs@2.3.0":
  version "2.3.0"
  dependencies:
    "@solana/codecs-core" "2.3.0"
    "@solana/codecs-data-structures" "2.3.0"
    "@solana/codecs-numbers" "2.3.0"
    "@solana/codecs-strings" "2.3.0"
    "@solana/options" "2.3.0"

"@solana/codecs@^3.0.3":
  version "3.0.3"
  dependencies:
    "@solana/codecs-core" "3.0.3"
    "@solana/codecs-data-structures" "3.0.3"
    "@solana/codecs-numbers" "3.0.3"
    "@solana/codecs-strings" "3.0.3"
    "@solana/options" "3.0.3"

"@solana/errors@2.3.0":
  version "2.3.0"
  dependencies:
    chalk "^5.4.1"
    commander "^14.0.0"

"@solana/errors@3.0.3":
  version "3.0.3"
  dependencies:
    chalk "5.6.2"
    commander "14.0.0"

"@solana/fast-stable-stringify@2.3.0":
  version "2.3.0"

"@solana/functional@2.3.0":
  version "2.3.0"

"@solana/instructions@2.3.0":
  version "2.3.0"
  dependencies:
    "@solana/codecs-core" "2.3.0"
    "@solana/errors" "2.3.0"

"@solana/keys@2.3.0":
  version "2.3.0"
  dependencies:
    "@solana/assertions" "2.3.0"
    "@solana/codecs-core" "2.3.0"
    "@solana/codecs-strings" "2.3.0"
    "@solana/errors" "2.3.0"
    "@solana/nominal-types" "2.3.0"

"@solana/kit@^2.1.0", "@solana/kit@^2.3.0":
  version "2.3.0"
  dependencies:
    "@solana/accounts" "2.3.0"
    "@solana/addresses" "2.3.0"
    "@solana/codecs" "2.3.0"
    "@solana/errors" "2.3.0"
    "@solana/functional" "2.3.0"
    "@solana/instructions" "2.3.0"
    "@solana/keys" "2.3.0"
    "@solana/programs" "2.3.0"
    "@solana/rpc" "2.3.0"
    "@solana/rpc-parsed-types" "2.3.0"
    "@solana/rpc-spec-types" "2.3.0"
    "@solana/rpc-subscriptions" "2.3.0"
    "@solana/rpc-types" "2.3.0"
    "@solana/signers" "2.3.0"
    "@solana/sysvars" "2.3.0"
    "@solana/transaction-confirmation" "2.3.0"
    "@solana/transaction-messages" "2.3.0"
    "@solana/transactions" "2.3.0"

"@solana/nominal-types@2.3.0":
  version "2.3.0"

"@solana/options@2.3.0":
  version "2.3.0"
  dependencies:
    "@solana/codecs-core" "2.3.0"
    "@solana/codecs-data-structures" "2.3.0"
    "@solana/codecs-numbers" "2.3.0"
    "@solana/codecs-strings" "2.3.0"
    "@solana/errors" "2.3.0"

"@solana/options@3.0.3":
  version "3.0.3"
  dependencies:
    "@solana/codecs-core" "3.0.3"
    "@solana/codecs-data-structures" "3.0.3"
    "@solana/codecs-numbers" "3.0.3"
    "@solana/codecs-strings" "3.0.3"
    "@solana/errors" "3.0.3"

"@solana/programs@2.3.0":
  version "2.3.0"
  dependencies:
    "@solana/addresses" "2.3.0"
    "@solana/errors" "2.3.0"

"@solana/promises@2.3.0":
  version "2.3.0"

"@solana/rpc-api@2.3.0":
  version "2.3.0"
  dependencies:
    "@solana/addresses" "2.3.0"
    "@solana/codecs-core" "2.3.0"
    "@solana/codecs-strings" "2.3.0"
    "@solana/errors" "2.3.0"
    "@solana/keys" "2.3.0"
    "@solana/rpc-parsed-types" "2.3.0"
    "@solana/rpc-spec" "2.3.0"
    "@solana/rpc-transformers" "2.3.0"
    "@solana/rpc-types" "2.3.0"
    "@solana/transaction-messages" "2.3.0"
    "@solana/transactions" "2.3.0"

"@solana/rpc-parsed-types@2.3.0":
  version "2.3.0"

"@solana/rpc-spec-types@2.3.0":
  version "2.3.0"

"@solana/rpc-spec@2.3.0":
  version "2.3.0"
  dependencies:
    "@solana/errors" "2.3.0"
    "@solana/rpc-spec-types" "2.3.0"

"@solana/rpc-subscriptions-api@2.3.0":
  version "2.3.0"
  dependencies:
    "@solana/addresses" "2.3.0"
    "@solana/keys" "2.3.0"
    "@solana/rpc-subscriptions-spec" "2.3.0"
    "@solana/rpc-transformers" "2.3.0"
    "@solana/rpc-types" "2.3.0"
    "@solana/transaction-messages" "2.3.0"
    "@solana/transactions" "2.3.0"

"@solana/rpc-subscriptions-channel-websocket@2.3.0":
  version "2.3.0"
  dependencies:
    "@solana/errors" "2.3.0"
    "@solana/functional" "2.3.0"
    "@solana/rpc-subscriptions-spec" "2.3.0"
    "@solana/subscribable" "2.3.0"

"@solana/rpc-subscriptions-spec@2.3.0":
  version "2.3.0"
  dependencies:
    "@solana/errors" "2.3.0"
    "@solana/promises" "2.3.0"
    "@solana/rpc-spec-types" "2.3.0"
    "@solana/subscribable" "2.3.0"

"@solana/rpc-subscriptions@2.3.0":
  version "2.3.0"
  dependencies:
    "@solana/errors" "2.3.0"
    "@solana/fast-stable-stringify" "2.3.0"
    "@solana/functional" "2.3.0"
    "@solana/promises" "2.3.0"
    "@solana/rpc-spec-types" "2.3.0"
    "@solana/rpc-subscriptions-api" "2.3.0"
    "@solana/rpc-subscriptions-channel-websocket" "2.3.0"
    "@solana/rpc-subscriptions-spec" "2.3.0"
    "@solana/rpc-transformers" "2.3.0"
    "@solana/rpc-types" "2.3.0"
    "@solana/subscribable" "2.3.0"

"@solana/rpc-transformers@2.3.0":
  version "2.3.0"
  dependencies:
    "@solana/errors" "2.3.0"
    "@solana/functional" "2.3.0"
    "@solana/nominal-types" "2.3.0"
    "@solana/rpc-spec-types" "2.3.0"
    "@solana/rpc-types" "2.3.0"

"@solana/rpc-transport-http@2.3.0":
  version "2.3.0"
  dependencies:
    "@solana/errors" "2.3.0"
    "@solana/rpc-spec" "2.3.0"
    "@solana/rpc-spec-types" "2.3.0"
    undici-types "^7.11.0"

"@solana/rpc-types@2.3.0":
  version "2.3.0"
  dependencies:
    "@solana/addresses" "2.3.0"
    "@solana/codecs-core" "2.3.0"
    "@solana/codecs-numbers" "2.3.0"
    "@solana/codecs-strings" "2.3.0"
    "@solana/errors" "2.3.0"
    "@solana/nominal-types" "2.3.0"

"@solana/rpc@2.3.0":
  version "2.3.0"
  dependencies:
    "@solana/errors" "2.3.0"
    "@solana/fast-stable-stringify" "2.3.0"
    "@solana/functional" "2.3.0"
    "@solana/rpc-api" "2.3.0"
    "@solana/rpc-spec" "2.3.0"
    "@solana/rpc-spec-types" "2.3.0"
    "@solana/rpc-transformers" "2.3.0"
    "@solana/rpc-transport-http" "2.3.0"
    "@solana/rpc-types" "2.3.0"

"@solana/signers@2.3.0":
  version "2.3.0"
  dependencies:
    "@solana/addresses" "2.3.0"
    "@solana/codecs-core" "2.3.0"
    "@solana/errors" "2.3.0"
    "@solana/instructions" "2.3.0"
    "@solana/keys" "2.3.0"
    "@solana/nominal-types" "2.3.0"
    "@solana/transaction-messages" "2.3.0"
    "@solana/transactions" "2.3.0"

"@solana/subscribable@2.3.0":
  version "2.3.0"
  dependencies:
    "@solana/errors" "2.3.0"

"@solana/sysvars@^2.1.0", "@solana/sysvars@2.3.0":
  version "2.3.0"
  dependencies:
    "@solana/accounts" "2.3.0"
    "@solana/codecs" "2.3.0"
    "@solana/errors" "2.3.0"
    "@solana/rpc-types" "2.3.0"

"@solana/transaction-confirmation@^2.1.1", "@solana/transaction-confirmation@2.3.0":
  version "2.3.0"
  dependencies:
    "@solana/addresses" "2.3.0"
    "@solana/codecs-strings" "2.3.0"
    "@solana/errors" "2.3.0"
    "@solana/keys" "2.3.0"
    "@solana/promises" "2.3.0"
    "@solana/rpc" "2.3.0"
    "@solana/rpc-subscriptions" "2.3.0"
    "@solana/rpc-types" "2.3.0"
    "@solana/transaction-messages" "2.3.0"
    "@solana/transactions" "2.3.0"

"@solana/transaction-messages@2.3.0":
  version "2.3.0"
  dependencies:
    "@solana/addresses" "2.3.0"
    "@solana/codecs-core" "2.3.0"
    "@solana/codecs-data-structures" "2.3.0"
    "@solana/codecs-numbers" "2.3.0"
    "@solana/errors" "2.3.0"
    "@solana/functional" "2.3.0"
    "@solana/instructions" "2.3.0"
    "@solana/nominal-types" "2.3.0"
    "@solana/rpc-types" "2.3.0"

"@solana/transactions@2.3.0":
  version "2.3.0"
  dependencies:
    "@solana/addresses" "2.3.0"
    "@solana/codecs-core" "2.3.0"
    "@solana/codecs-data-structures" "2.3.0"
    "@solana/codecs-numbers" "2.3.0"
    "@solana/codecs-strings" "2.3.0"
    "@solana/errors" "2.3.0"
    "@solana/functional" "2.3.0"
    "@solana/instructions" "2.3.0"
    "@solana/keys" "2.3.0"
    "@solana/nominal-types" "2.3.0"
    "@solana/rpc-types" "2.3.0"
    "@solana/transaction-messages" "2.3.0"

"@solana/web3.js@^1.69.0", "@solana/web3.js@^1.98.4":
  version "1.98.4"
  dependencies:
    "@babel/runtime" "^7.25.0"
    "@noble/curves" "^1.4.2"
    "@noble/hashes" "^1.4.0"
    "@solana/buffer-layout" "^4.0.1"
    "@solana/codecs-numbers" "^2.1.0"
    agentkeepalive "^4.5.0"
    bn.js "^5.2.1"
    borsh "^0.7.0"
    bs58 "^4.0.1"
    buffer "6.0.3"
    fast-stable-stringify "^1.0.0"
    jayson "^4.1.1"
    node-fetch "^2.7.0"
    rpc-websockets "^9.0.2"
    superstruct "^2.0.2"

"@swc/helpers@^0.5.11":
  version "0.5.17"
  dependencies:
    tslib "^2.8.0"

"@tsconfig/node10@^1.0.7":
  version "1.0.11"

"@tsconfig/node12@^1.0.7":
  version "1.0.11"

"@tsconfig/node14@^1.0.0":
  version "1.0.3"

"@tsconfig/node16@^1.0.2":
  version "1.0.4"

"@types/bn.js@^5.1.0":
  version "5.2.0"
  dependencies:
    "@types/node" "*"

"@types/chai@^5.2.0":
  version "5.2.2"
  dependencies:
    "@types/deep-eql" "*"

"@types/connect@^3.4.33":
  version "3.4.38"
  dependencies:
    "@types/node" "*"

"@types/d3-ease@^3.0.2":
  version "3.0.2"
  resolved "https://registry.npmjs.org/@types/d3-ease/-/d3-ease-3.0.2.tgz"
  integrity sha512-NcV1JjO5oDzoK26oMzbILE6HW7uVXOHLQvHshBUW4UMdZGfiY6v5BeQwh9a9tCzv+CeefZQHJt5SRgK154RtiA==

"@types/deep-eql@*":
  version "4.0.2"

"@types/mocha@^10.0.10":
  version "10.0.10"

"@types/node@*":
  version "24.3.1"
  dependencies:
    undici-types "~7.10.0"

"@types/node@^12.12.54":
  version "12.20.55"

"@types/retry@^0.12.5":
  version "0.12.5"
  resolved "https://registry.npmjs.org/@types/retry/-/retry-0.12.5.tgz"
  integrity sha512-3xSjTp3v03X/lSQLkczaN9UIEwJMoMCA1+Nb5HfbJEQWogdeQIyVtTvxPXDQjZ5zws8rFQfVfRdz03ARihPJgw==

"@types/uuid@^8.3.4":
  version "8.3.4"

"@types/ws@^7.4.4":
  version "7.4.7"
  dependencies:
    "@types/node" "*"

"@types/ws@^8.2.2":
  version "8.18.1"
  dependencies:
    "@types/node" "*"

acorn-walk@^8.1.1:
  version "8.3.4"
  dependencies:
    acorn "^8.11.0"

acorn@^8.11.0, acorn@^8.4.1:
  version "8.15.0"

agentkeepalive@^4.5.0:
  version "4.6.0"
  dependencies:
    humanize-ms "^1.2.1"

ansi-regex@^5.0.1:
  version "5.0.1"

ansi-regex@^6.0.1:
  version "6.2.2"

ansi-styles@^4.0.0, ansi-styles@^4.1.0:
  version "4.3.0"
  dependencies:
    color-convert "^2.0.1"

ansi-styles@^6.1.0:
  version "6.2.3"

arg@^4.1.0:
  version "4.1.3"

argparse@^2.0.1:
  version "2.0.1"

balanced-match@^1.0.0:
  version "1.0.2"

base-x@^3.0.2:
  version "3.0.11"
  dependencies:
    safe-buffer "^5.0.1"

base64-js@^1.3.1:
  version "1.5.1"

bn.js@^5.1.2, bn.js@^5.2.0, bn.js@^5.2.1:
  version "5.2.2"

borsh@^0.7.0:
  version "0.7.0"
  dependencies:
    bn.js "^5.2.0"
    bs58 "^4.0.0"
    text-encoding-utf-8 "^1.0.2"

brace-expansion@^2.0.1:
  version "2.0.2"
  dependencies:
    balanced-match "^1.0.0"

browser-stdout@^1.3.1:
  version "1.3.1"

bs58@^4.0.0, bs58@^4.0.1:
  version "4.0.1"
  dependencies:
    base-x "^3.0.2"

buffer-layout@^1.2.0, buffer-layout@^1.2.2:
  version "1.2.2"

buffer@^6.0.3, buffer@~6.0.3, buffer@6.0.3:
  version "6.0.3"
  dependencies:
    base64-js "^1.3.1"
    ieee754 "^1.2.1"

bufferutil@^4.0.1:
  version "4.0.9"
  dependencies:
    node-gyp-build "^4.3.0"

call-bind-apply-helpers@^1.0.0, call-bind-apply-helpers@^1.0.1, call-bind-apply-helpers@^1.0.2:
  version "1.0.2"
  dependencies:
    es-errors "^1.3.0"
    function-bind "^1.1.2"

call-bind@^1.0.8:
  version "1.0.8"
  dependencies:
    call-bind-apply-helpers "^1.0.0"
    es-define-property "^1.0.0"
    get-intrinsic "^1.2.4"
    set-function-length "^1.2.2"

call-bound@^1.0.4:
  version "1.0.4"
  dependencies:
    call-bind-apply-helpers "^1.0.2"
    get-intrinsic "^1.3.0"

camelcase@^6.0.0, camelcase@^6.3.0:
  version "6.3.0"

chai@^6.0.1:
  version "6.0.1"

chalk@^4.1.0:
  version "4.1.2"
  dependencies:
    ansi-styles "^4.1.0"
    supports-color "^7.1.0"

chalk@^5.4.1, chalk@5.6.2:
  version "5.6.2"

chokidar@^4.0.1:
  version "4.0.3"
  dependencies:
    readdirp "^4.0.1"

cliui@^8.0.1:
  version "8.0.1"
  dependencies:
    string-width "^4.2.0"
    strip-ansi "^6.0.1"
    wrap-ansi "^7.0.0"

color-convert@^2.0.1:
  version "2.0.1"
  dependencies:
    color-name "~1.1.4"

color-name@~1.1.4:
  version "1.1.4"

commander@^14.0.0, commander@^14.0.1:
  version "14.0.1"

commander@^2.20.3:
  version "2.20.3"

commander@14.0.0:
  version "14.0.0"

create-require@^1.1.0:
  version "1.1.1"

cross-fetch@^3.1.5:
  version "3.2.0"
  dependencies:
    node-fetch "^2.7.0"

cross-spawn@^7.0.6:
  version "7.0.6"
  dependencies:
    path-key "^3.1.0"
    shebang-command "^2.0.0"
    which "^2.0.1"

debug@^4.3.5:
  version "4.4.3"
  dependencies:
    ms "^2.1.3"

decamelize@^4.0.0:
  version "4.0.0"

define-data-property@^1.1.4:
  version "1.1.4"
  dependencies:
    es-define-property "^1.0.0"
    es-errors "^1.3.0"
    gopd "^1.0.1"

delay@^5.0.0:
  version "5.0.0"

diff@^4.0.1:
  version "4.0.2"

diff@^7.0.0:
  version "7.0.0"

dunder-proto@^1.0.1:
  version "1.0.1"
  dependencies:
    call-bind-apply-helpers "^1.0.1"
    es-errors "^1.3.0"
    gopd "^1.2.0"

eastasianwidth@^0.2.0:
  version "0.2.0"

emoji-regex@^8.0.0:
  version "8.0.0"

emoji-regex@^9.2.2:
  version "9.2.2"

es-define-property@^1.0.0, es-define-property@^1.0.1:
  version "1.0.1"

es-errors@^1.3.0:
  version "1.3.0"

es-object-atoms@^1.0.0, es-object-atoms@^1.1.1:
  version "1.1.1"
  dependencies:
    es-errors "^1.3.0"

es6-promise@^4.0.3:
  version "4.2.8"

es6-promisify@^5.0.0:
  version "5.0.0"
  dependencies:
    es6-promise "^4.0.3"

escalade@^3.1.1:
  version "3.2.0"

escape-string-regexp@^4.0.0:
  version "4.0.0"

eventemitter3@^4.0.7:
  version "4.0.7"

eventemitter3@^5.0.1:
  version "5.0.1"

eyes@^0.1.8:
  version "0.1.8"

fast-stable-stringify@^1.0.0:
  version "1.0.0"

fastestsmallesttextencoderdecoder@^1.0.22:
  version "1.0.22"
  resolved "https://registry.npmjs.org/fastestsmallesttextencoderdecoder/-/fastestsmallesttextencoderdecoder-1.0.22.tgz"
  integrity sha512-Pb8d48e+oIuY4MaM64Cd7OW1gt4nxCHs7/ddPPZ/Ic3sg8yVGM7O9wDvZ7us6ScaUupzM+pfBolwtYhN1IxBIw==

find-up@^5.0.0:
  version "5.0.0"
  dependencies:
    locate-path "^6.0.0"
    path-exists "^4.0.0"

flat@^5.0.2:
  version "5.0.2"

foreground-child@^3.1.0:
  version "3.3.1"
  dependencies:
    cross-spawn "^7.0.6"
    signal-exit "^4.0.1"

function-bind@^1.1.2:
  version "1.1.2"

get-caller-file@^2.0.5:
  version "2.0.5"

get-intrinsic@^1.2.4, get-intrinsic@^1.3.0:
  version "1.3.0"
  dependencies:
    call-bind-apply-helpers "^1.0.2"
    es-define-property "^1.0.1"
    es-errors "^1.3.0"
    es-object-atoms "^1.1.1"
    function-bind "^1.1.2"
    get-proto "^1.0.1"
    gopd "^1.2.0"
    has-symbols "^1.1.0"
    hasown "^2.0.2"
    math-intrinsics "^1.1.0"

get-proto@^1.0.1:
  version "1.0.1"
  dependencies:
    dunder-proto "^1.0.1"
    es-object-atoms "^1.0.0"

gill@^0.11.0:
  version "0.11.0"
  dependencies:
    "@solana-program/address-lookup-table" "^0.7.0"
    "@solana-program/compute-budget" "^0.8.0"
    "@solana-program/system" "^0.7.0"
    "@solana-program/token-2022" "^0.4.2"
    "@solana/assertions" "^2.1.1"
    "@solana/codecs" "^2.1.1"
    "@solana/kit" "^2.3.0"
    "@solana/transaction-confirmation" "^2.1.1"

glob@^10.4.5:
  version "10.4.5"
  dependencies:
    foreground-child "^3.1.0"
    jackspeak "^3.1.2"
    minimatch "^9.0.4"
    minipass "^7.1.2"
    package-json-from-dist "^1.0.0"
    path-scurry "^1.11.1"

gopd@^1.0.1, gopd@^1.2.0:
  version "1.2.0"

has-flag@^4.0.0:
  version "4.0.0"

has-property-descriptors@^1.0.2:
  version "1.0.2"
  dependencies:
    es-define-property "^1.0.0"

has-symbols@^1.1.0:
  version "1.1.0"

hasown@^2.0.2:
  version "2.0.2"
  dependencies:
    function-bind "^1.1.2"

he@^1.2.0:
  version "1.2.0"

humanize-ms@^1.2.1:
  version "1.2.1"
  dependencies:
    ms "^2.0.0"

ieee754@^1.2.1:
  version "1.2.1"

is-fullwidth-code-point@^3.0.0:
  version "3.0.0"

is-plain-obj@^2.1.0:
  version "2.1.0"

is-unicode-supported@^0.1.0:
  version "0.1.0"

isarray@^2.0.5:
  version "2.0.5"

isexe@^2.0.0:
  version "2.0.0"

isomorphic-ws@^4.0.1:
  version "4.0.1"

jackspeak@^3.1.2:
  version "3.4.3"
  dependencies:
    "@isaacs/cliui" "^8.0.2"
  optionalDependencies:
    "@pkgjs/parseargs" "^0.11.0"

jayson@^4.1.1:
  version "4.2.0"
  dependencies:
    "@types/connect" "^3.4.33"
    "@types/node" "^12.12.54"
    "@types/ws" "^7.4.4"
    commander "^2.20.3"
    delay "^5.0.0"
    es6-promisify "^5.0.0"
    eyes "^0.1.8"
    isomorphic-ws "^4.0.1"
    json-stringify-safe "^5.0.1"
    stream-json "^1.9.1"
    uuid "^8.3.2"
    ws "^7.5.10"

js-sha256@^0.11.1:
  version "0.11.1"

js-yaml@^4.1.0:
  version "4.1.0"
  dependencies:
    argparse "^2.0.1"

json-stable-stringify@^1.3.0:
  version "1.3.0"
  dependencies:
    call-bind "^1.0.8"
    call-bound "^1.0.4"
    isarray "^2.0.5"
    jsonify "^0.0.1"
    object-keys "^1.1.1"

json-stringify-safe@^5.0.1:
  version "5.0.1"

jsonify@^0.0.1:
  version "0.0.1"

kleur@^3.0.3:
  version "3.0.3"

locate-path@^6.0.0:
  version "6.0.0"
  dependencies:
    p-locate "^5.0.0"

log-symbols@^4.1.0:
  version "4.1.0"
  dependencies:
    chalk "^4.1.0"
    is-unicode-supported "^0.1.0"

lru-cache@^10.2.0:
  version "10.4.3"

make-error@^1.1.1:
  version "1.3.6"

math-intrinsics@^1.1.0:
  version "1.1.0"

minimatch@^9.0.4, minimatch@^9.0.5:
  version "9.0.5"
  dependencies:
    brace-expansion "^2.0.1"

"minipass@^5.0.0 || ^6.0.2 || ^7.0.0", minipass@^7.1.2:
  version "7.1.2"

mocha@^11.7.2, "mocha@^3.X.X || ^4.X.X || ^5.X.X || ^6.X.X || ^7.X.X || ^8.X.X || ^9.X.X || ^10.X.X || ^11.X.X":
  version "11.7.2"
  dependencies:
    browser-stdout "^1.3.1"
    chokidar "^4.0.1"
    debug "^4.3.5"
    diff "^7.0.0"
    escape-string-regexp "^4.0.0"
    find-up "^5.0.0"
    glob "^10.4.5"
    he "^1.2.0"
    js-yaml "^4.1.0"
    log-symbols "^4.1.0"
    minimatch "^9.0.5"
    ms "^2.1.3"
    picocolors "^1.1.1"
    serialize-javascript "^6.0.2"
    strip-json-comments "^3.1.1"
    supports-color "^8.1.1"
    workerpool "^9.2.0"
    yargs "^17.7.2"
    yargs-parser "^21.1.1"
    yargs-unparser "^2.0.0"

ms@^2.0.0, ms@^2.1.3:
  version "2.1.3"

node-fetch@^2.7.0:
  version "2.7.0"
  dependencies:
    whatwg-url "^5.0.0"

node-gyp-build@^4.3.0:
  version "4.8.4"

object-keys@^1.1.1:
  version "1.1.1"

p-limit@^3.0.2:
  version "3.1.0"
  dependencies:
    yocto-queue "^0.1.0"

p-locate@^5.0.0:
  version "5.0.0"
  dependencies:
    p-limit "^3.0.2"

package-json-from-dist@^1.0.0:
  version "1.0.1"

pako@^2.0.3:
  version "2.1.0"

path-exists@^4.0.0:
  version "4.0.0"

path-key@^3.1.0:
  version "3.1.1"

path-scurry@^1.11.1:
  version "1.11.1"
  dependencies:
    lru-cache "^10.2.0"
    minipass "^5.0.0 || ^6.0.2 || ^7.0.0"

picocolors@^1.1.1:
  version "1.1.1"

prettier@^3.6.2:
  version "3.6.2"

prompts@^2.4.2:
  version "2.4.2"
  dependencies:
    kleur "^3.0.3"
    sisteransi "^1.0.5"

randombytes@^2.1.0:
  version "2.1.0"
  dependencies:
    safe-buffer "^5.1.0"

readdirp@^4.0.1:
  version "4.1.2"

require-directory@^2.1.1:
  version "2.1.1"

rpc-websockets@^9.0.2:
  version "9.1.3"
  dependencies:
    "@swc/helpers" "^0.5.11"
    "@types/uuid" "^8.3.4"
    "@types/ws" "^8.2.2"
    buffer "^6.0.3"
    eventemitter3 "^5.0.1"
    uuid "^8.3.2"
    ws "^8.5.0"
  optionalDependencies:
    bufferutil "^4.0.1"
    utf-8-validate "^5.0.2"

safe-buffer@^5.0.1, safe-buffer@^5.1.0:
  version "5.2.1"

serialize-javascript@^6.0.2:
  version "6.0.2"
  dependencies:
    randombytes "^2.1.0"

set-function-length@^1.2.2:
  version "1.2.2"
  dependencies:
    define-data-property "^1.1.4"
    es-errors "^1.3.0"
    function-bind "^1.1.2"
    get-intrinsic "^1.2.4"
    gopd "^1.0.1"
    has-property-descriptors "^1.0.2"

shebang-command@^2.0.0:
  version "2.0.0"
  dependencies:
    shebang-regex "^3.0.0"

shebang-regex@^3.0.0:
  version "3.0.0"

signal-exit@^4.0.1:
  version "4.1.0"

sisteransi@^1.0.5:
  version "1.0.5"

stream-chain@^2.2.5:
  version "2.2.5"

stream-json@^1.9.1:
  version "1.9.1"
  dependencies:
    stream-chain "^2.2.5"

"string-width-cjs@npm:string-width@^4.2.0":
  version "4.2.3"
  dependencies:
    emoji-regex "^8.0.0"
    is-fullwidth-code-point "^3.0.0"
    strip-ansi "^6.0.1"

string-width@^4.1.0, string-width@^4.2.0, string-width@^4.2.3:
  version "4.2.3"
  dependencies:
    emoji-regex "^8.0.0"
    is-fullwidth-code-point "^3.0.0"
    strip-ansi "^6.0.1"

string-width@^5.0.1, string-width@^5.1.2:
  version "5.1.2"
  dependencies:
    eastasianwidth "^0.2.0"
    emoji-regex "^9.2.2"
    strip-ansi "^7.0.1"

"strip-ansi-cjs@npm:strip-ansi@^6.0.1":
  version "6.0.1"
  dependencies:
    ansi-regex "^5.0.1"

strip-ansi@^6.0.0, strip-ansi@^6.0.1:
  version "6.0.1"
  dependencies:
    ansi-regex "^5.0.1"

strip-ansi@^7.0.1:
  version "7.1.2"
  dependencies:
    ansi-regex "^6.0.1"

strip-json-comments@^3.1.1:
  version "3.1.1"

superstruct@^0.15.4:
  version "0.15.5"

superstruct@^2.0.2:
  version "2.0.2"

supports-color@^7.1.0:
  version "7.2.0"
  dependencies:
    has-flag "^4.0.0"

supports-color@^8.1.1:
  version "8.1.1"
  dependencies:
    has-flag "^4.0.0"

text-encoding-utf-8@^1.0.2:
  version "1.0.2"

toml@^3.0.0:
  version "3.0.0"

tr46@~0.0.3:
  version "0.0.3"

ts-mocha@^11.1.0:
  version "11.1.0"

ts-node@^10.9.2, "ts-node@^7.X.X || ^8.X.X || ^9.X.X || ^10.X.X":
  version "10.9.2"
  dependencies:
    "@cspotcode/source-map-support" "^0.8.0"
    "@tsconfig/node10" "^1.0.7"
    "@tsconfig/node12" "^1.0.7"
    "@tsconfig/node14" "^1.0.0"
    "@tsconfig/node16" "^1.0.2"
    acorn "^8.4.1"
    acorn-walk "^8.1.1"
    arg "^4.1.0"
    create-require "^1.1.0"
    diff "^4.0.1"
    make-error "^1.1.1"
    v8-compile-cache-lib "^3.0.1"
    yn "3.1.1"

tslib@^2.8.0:
  version "2.8.1"

typescript@^5.7.3, typescript@>=2.7, typescript@>=5, typescript@>=5.3.3:
  version "5.9.2"

undici-types@^7.11.0:
  version "7.16.0"

undici-types@~7.10.0:
  version "7.10.0"

utf-8-validate@^5.0.2, utf-8-validate@>=5.0.2:
  version "5.0.10"
  dependencies:
    node-gyp-build "^4.3.0"

uuid@^8.3.2:
  version "8.3.2"

v8-compile-cache-lib@^3.0.1:
  version "3.0.1"

webidl-conversions@^3.0.0:
  version "3.0.1"

whatwg-url@^5.0.0:
  version "5.0.0"
  dependencies:
    tr46 "~0.0.3"
    webidl-conversions "^3.0.0"

which@^2.0.1:
  version "2.0.2"
  dependencies:
    isexe "^2.0.0"

workerpool@^9.2.0:
  version "9.3.4"

"wrap-ansi-cjs@npm:wrap-ansi@^7.0.0":
  version "7.0.0"
  dependencies:
    ansi-styles "^4.0.0"
    string-width "^4.1.0"
    strip-ansi "^6.0.0"

wrap-ansi@^7.0.0:
  version "7.0.0"
  dependencies:
    ansi-styles "^4.0.0"
    string-width "^4.1.0"
    strip-ansi "^6.0.0"

wrap-ansi@^8.1.0:
  version "8.1.0"
  dependencies:
    ansi-styles "^6.1.0"
    string-width "^5.0.1"
    strip-ansi "^7.0.1"

ws@*, ws@^8.18.0, ws@^8.5.0:
  version "8.18.3"
  resolved "https://registry.npmjs.org/ws/-/ws-8.18.3.tgz"
  integrity sha512-PEIGCY5tSlUt50cqyMXfCzX+oOPqN0vuGqWzbcJ2xvnkzkq46oOpz7dQaTDBdfICb4N14+GARUDw2XV2N4tvzg==

ws@^7.5.10:
  version "7.5.10"
  resolved "https://registry.npmjs.org/ws/-/ws-7.5.10.tgz"
  integrity sha512-+dbF1tHwZpXcbOJdVOkzLDxZP1ailvSxM6ZweXTegylPny803bFhA+vqBYw4s31NSAk4S2Qz+AKXK9a4wkdjcQ==

y18n@^5.0.5:
  version "5.0.8"

yargs-parser@^21.1.1:
  version "21.1.1"

yargs-unparser@^2.0.0:
  version "2.0.0"
  dependencies:
    camelcase "^6.0.0"
    decamelize "^4.0.0"
    flat "^5.0.2"
    is-plain-obj "^2.1.0"

yargs@^17.7.2:
  version "17.7.2"
  dependencies:
    cliui "^8.0.1"
    escalade "^3.1.1"
    get-caller-file "^2.0.5"
    require-directory "^2.1.1"
    string-width "^4.2.3"
    y18n "^5.0.5"
    yargs-parser "^21.1.1"

yn@3.1.1:
  version "3.1.1"

yocto-queue@^0.1.0:
  version "0.1.0"
